hash: 1fcea04d6a45b73772affdb66b107172c325b45d7a85c2f33304c1fc0c9eca16
updated: 2017-01-30T04:05:13.09581659-06:00
imports:
- name: github.com/gorilla/context
  version: 08b5f424b9271eedf6f9f0ce86cb9396ed337a42
- name: github.com/gorilla/securecookie
  version: fa5329f913702981df43dcb2a380bac429c810b5
- name: github.com/gorilla/sessions
  version: 83c8db3bdc9be789e57e3756ffbcffd2d7d40176
testImports: []
